
Microsoft Visual Studio Solution File, Format Version 12.00
# Visual Studio Version 17
VisualStudioVersion = 17.8.34330.188
MinimumVisualStudioVersion = 10.0.40219.1
Project("{FAE04EC0-301F-11D3-BF4B-00C04F79EFBC}") = "Vector", "Vector\Vector.csproj", "{86DD3BEE-2818-4BA3-96CD-99379701DFED}"
EndProject
Project("{FAE04EC0-301F-11D3-BF4B-00C04F79EFBC}") = "SingleList", "SingleList\SingleList.csproj", "{2D855CDE-D0A3-425A-A7A3-AFAD38BE1382}"
EndProject
Global
	GlobalSection(SolutionConfigurationPlatforms) = preSolution
		Debug|Any CPU = Debug|Any CPU
		Release|Any CPU = Release|Any CPU
	EndGlobalSection
	GlobalSection(ProjectConfigurationPlatforms) = postSolution
		{86DD3BEE-2818-4BA3-96CD-99379701DFED}.Debug|Any CPU.ActiveCfg = Debug|Any CPU
		{86DD3BEE-2818-4BA3-96CD-99379701DFED}.Debug|Any CPU.Build.0 = Debug|Any CPU
		{86DD3BEE-2818-4BA3-96CD-99379701DFED}.Release|Any CPU.ActiveCfg = Release|Any CPU
		{86DD3BEE-2818-4BA3-96CD-99379701DFED}.Release|Any CPU.Build.0 = Release|Any CPU
		{2D855CDE-D0A3-425A-A7A3-AFAD38BE1382}.Debug|Any CPU.ActiveCfg = Debug|Any CPU
		{2D855CDE-D0A3-425A-A7A3-AFAD38BE1382}.Debug|Any CPU.Build.0 = Debug|Any CPU
		{2D855CDE-D0A3-425A-A7A3-AFAD38BE1382}.Release|Any CPU.ActiveCfg = Release|Any CPU
		{2D855CDE-D0A3-425A-A7A3-AFAD38BE1382}.Release|Any CPU.Build.0 = Release|Any CPU
	EndGlobalSection
	GlobalSection(SolutionProperties) = preSolution
		HideSolutionNode = FALSE
	EndGlobalSection
	GlobalSection(ExtensibilityGlobals) = postSolution
		SolutionGuid = {53AE87C9-468F-49E6-838F-316C512BFA0C}
	EndGlobalSection
EndGlobal
