
Microsoft Visual Studio Solution File, Format Version 12.00
# Visual Studio Version 17
VisualStudioVersion = 17.8.34330.188
MinimumVisualStudioVersion = 10.0.40219.1
Project("{9A19103F-16F7-4668-BE54-9A1E7A4F7556}") = "Vector", "Vector\Vector.csproj", "{86DD3BEE-2818-4BA3-96CD-99379701DFED}"
EndProject
Project("{9A19103F-16F7-4668-BE54-9A1E7A4F7556}") = "SingleList", "SingleList\SingleList.csproj", "{2D855CDE-D0A3-425A-A7A3-AFAD38BE1382}"
EndProject
Project("{9A19103F-16F7-4668-BE54-9A1E7A4F7556}") = "Stack", "Stack\Stack.csproj", "{EABB49CD-5E3F-4240-86D0-9F332C267B2D}"
EndProject
Project("{9A19103F-16F7-4668-BE54-9A1E7A4F7556}") = "Queue", "Queue\Queue.csproj", "{18D0D3D6-0658-4240-92D7-CB8BC2CAAF4C}"
EndProject
Project("{9A19103F-16F7-4668-BE54-9A1E7A4F7556}") = "DoublyLinked_list", "DoublyLinked_list\DoublyLinked_list.csproj", "{17D81B4C-EF52-4584-96F8-A1F5B919FB2A}"
EndProject
Project("{FAE04EC0-301F-11D3-BF4B-00C04F79EFBC}") = "Bainary_tree", "Bainary_tree\Bainary_tree.csproj", "{14AE27B5-D0D8-4484-A719-8A0CB6A2C2AC}"
EndProject
Global
	GlobalSection(SolutionConfigurationPlatforms) = preSolution
		Debug|Any CPU = Debug|Any CPU
		Release|Any CPU = Release|Any CPU
	EndGlobalSection
	GlobalSection(ProjectConfigurationPlatforms) = postSolution
		{86DD3BEE-2818-4BA3-96CD-99379701DFED}.Debug|Any CPU.ActiveCfg = Debug|Any CPU
		{86DD3BEE-2818-4BA3-96CD-99379701DFED}.Debug|Any CPU.Build.0 = Debug|Any CPU
		{86DD3BEE-2818-4BA3-96CD-99379701DFED}.Release|Any CPU.ActiveCfg = Release|Any CPU
		{86DD3BEE-2818-4BA3-96CD-99379701DFED}.Release|Any CPU.Build.0 = Release|Any CPU
		{2D855CDE-D0A3-425A-A7A3-AFAD38BE1382}.Debug|Any CPU.ActiveCfg = Debug|Any CPU
		{2D855CDE-D0A3-425A-A7A3-AFAD38BE1382}.Debug|Any CPU.Build.0 = Debug|Any CPU
		{2D855CDE-D0A3-425A-A7A3-AFAD38BE1382}.Release|Any CPU.ActiveCfg = Release|Any CPU
		{2D855CDE-D0A3-425A-A7A3-AFAD38BE1382}.Release|Any CPU.Build.0 = Release|Any CPU
		{EABB49CD-5E3F-4240-86D0-9F332C267B2D}.Debug|Any CPU.ActiveCfg = Debug|Any CPU
		{EABB49CD-5E3F-4240-86D0-9F332C267B2D}.Debug|Any CPU.Build.0 = Debug|Any CPU
		{EABB49CD-5E3F-4240-86D0-9F332C267B2D}.Release|Any CPU.ActiveCfg = Release|Any CPU
		{EABB49CD-5E3F-4240-86D0-9F332C267B2D}.Release|Any CPU.Build.0 = Release|Any CPU
		{18D0D3D6-0658-4240-92D7-CB8BC2CAAF4C}.Debug|Any CPU.ActiveCfg = Debug|Any CPU
		{18D0D3D6-0658-4240-92D7-CB8BC2CAAF4C}.Debug|Any CPU.Build.0 = Debug|Any CPU
		{18D0D3D6-0658-4240-92D7-CB8BC2CAAF4C}.Release|Any CPU.ActiveCfg = Release|Any CPU
		{18D0D3D6-0658-4240-92D7-CB8BC2CAAF4C}.Release|Any CPU.Build.0 = Release|Any CPU
		{17D81B4C-EF52-4584-96F8-A1F5B919FB2A}.Debug|Any CPU.ActiveCfg = Debug|Any CPU
		{17D81B4C-EF52-4584-96F8-A1F5B919FB2A}.Debug|Any CPU.Build.0 = Debug|Any CPU
		{17D81B4C-EF52-4584-96F8-A1F5B919FB2A}.Release|Any CPU.ActiveCfg = Release|Any CPU
		{17D81B4C-EF52-4584-96F8-A1F5B919FB2A}.Release|Any CPU.Build.0 = Release|Any CPU
		{14AE27B5-D0D8-4484-A719-8A0CB6A2C2AC}.Debug|Any CPU.ActiveCfg = Debug|Any CPU
		{14AE27B5-D0D8-4484-A719-8A0CB6A2C2AC}.Debug|Any CPU.Build.0 = Debug|Any CPU
		{14AE27B5-D0D8-4484-A719-8A0CB6A2C2AC}.Release|Any CPU.ActiveCfg = Release|Any CPU
		{14AE27B5-D0D8-4484-A719-8A0CB6A2C2AC}.Release|Any CPU.Build.0 = Release|Any CPU
	EndGlobalSection
	GlobalSection(SolutionProperties) = preSolution
		HideSolutionNode = FALSE
	EndGlobalSection
	GlobalSection(ExtensibilityGlobals) = postSolution
		SolutionGuid = {53AE87C9-468F-49E6-838F-316C512BFA0C}
	EndGlobalSection
EndGlobal
